# This file is automatically @generated by Cargo.
# It is not intended for manual editing.
version = 4

[[package]]
name = "agent"
version = "0.0.0"

[[package]]
name = "api-server"
version = "0.0.0"

[[package]]
name = "app"
version = "0.0.0"

[[package]]
name = "config"
version = "0.0.0"

[[package]]
name = "events"
version = "0.0.0"

[[package]]
name = "inference"
version = "0.0.0"

[[package]]
name = "memory"
version = "0.0.0"

[[package]]
name = "telemetry"
version = "0.0.0"

[[package]]
name = "tools"
version = "0.0.0"
